
Microsoft Visual Studio Solution File, Format Version 12.00
# Visual Studio Version 17
VisualStudioVersion = 17.11.35222.181
MinimumVisualStudioVersion = 10.0.40219.1
Project("{FAE04EC0-301F-11D3-BF4B-00C04F79EFBC}") = "PermissionTest", "PermissionTest\PermissionTest.csproj", "{A8DF28B1-3CBE-4503-BF13-BFBA355F8DCD}"
EndProject
Global
	GlobalSection(SolutionConfigurationPlatforms) = preSolution
		Debug|Any CPU = Debug|Any CPU
		Release|Any CPU = Release|Any CPU
	EndGlobalSection
	GlobalSection(ProjectConfigurationPlatforms) = postSolution
		{A8DF28B1-3CBE-4503-BF13-BFBA355F8DCD}.Debug|Any CPU.ActiveCfg = Debug|Any CPU
		{A8DF28B1-3CBE-4503-BF13-BFBA355F8DCD}.Debug|Any CPU.Build.0 = Debug|Any CPU
		{A8DF28B1-3CBE-4503-BF13-BFBA355F8DCD}.Debug|Any CPU.Deploy.0 = Debug|Any CPU
		{A8DF28B1-3CBE-4503-BF13-BFBA355F8DCD}.Release|Any CPU.ActiveCfg = Release|Any CPU
		{A8DF28B1-3CBE-4503-BF13-BFBA355F8DCD}.Release|Any CPU.Build.0 = Release|Any CPU
		{A8DF28B1-3CBE-4503-BF13-BFBA355F8DCD}.Release|Any CPU.Deploy.0 = Release|Any CPU
	EndGlobalSection
	GlobalSection(SolutionProperties) = preSolution
		HideSolutionNode = FALSE
	EndGlobalSection
	GlobalSection(ExtensibilityGlobals) = postSolution
		SolutionGuid = {34727F4B-6A1F-4AB0-BAC8-89EF3BA811E3}
	EndGlobalSection
EndGlobal
